// !$*UTF8*$!
{
	archiveVersion = 1;
	classes = {
	};
	objectVersion = 50;
	objects = {

/* Begin PBXBuildFile section */
		291B9629242FFE280091BCC3 /* AppDelegate.swift in Sources */ = {isa = PBXBuildFile; fileRef = 291B9628242FFE280091BCC3 /* AppDelegate.swift */; };
		291B962B242FFE280091BCC3 /* SceneDelegate.swift in Sources */ = {isa = PBXBuildFile; fileRef = 291B962A242FFE280091BCC3 /* SceneDelegate.swift */; };
		291B962D242FFE280091BCC3 /* ViewController.swift in Sources */ = {isa = PBXBuildFile; fileRef = 291B962C242FFE280091BCC3 /* ViewController.swift */; };
		291B9630242FFE280091BCC3 /* Main.storyboard in Resources */ = {isa = PBXBuildFile; fileRef = 291B962E242FFE280091BCC3 /* Main.storyboard */; };
		291B9632242FFE310091BCC3 /* Assets.xcassets in Resources */ = {isa = PBXBuildFile; fileRef = 291B9631242FFE310091BCC3 /* Assets.xcassets */; };
		291B9635242FFE310091BCC3 /* LaunchScreen.storyboard in Resources */ = {isa = PBXBuildFile; fileRef = 291B9633242FFE310091BCC3 /* LaunchScreen.storyboard */; };
		291B963D242FFF030091BCC3 /* LoginViewController.swift in Sources */ = {isa = PBXBuildFile; fileRef = 291B963C242FFF030091BCC3 /* LoginViewController.swift */; };
		291B9640242FFF570091BCC3 /* StudentsMapViewController.swift in Sources */ = {isa = PBXBuildFile; fileRef = 291B963F242FFF570091BCC3 /* StudentsMapViewController.swift */; };
		291B9642242FFF740091BCC3 /* StudentsListViewController.swift in Sources */ = {isa = PBXBuildFile; fileRef = 291B9641242FFF740091BCC3 /* StudentsListViewController.swift */; };
		291B9644242FFF970091BCC3 /* AddPinViewController.swift in Sources */ = {isa = PBXBuildFile; fileRef = 291B9643242FFF970091BCC3 /* AddPinViewController.swift */; };
/* End PBXBuildFile section */

/* Begin PBXFileReference section */
		291B9625242FFE280091BCC3 /* OnTheMap.app */ = {isa = PBXFileReference; explicitFileType = wrapper.application; includeInIndex = 0; path = OnTheMap.app; sourceTree = BUILT_PRODUCTS_DIR; };
		291B9628242FFE280091BCC3 /* AppDelegate.swift */ = {isa = PBXFileReference; lastKnownFileType = sourcecode.swift; path = AppDelegate.swift; sourceTree = "<group>"; };
		291B962A242FFE280091BCC3 /* SceneDelegate.swift */ = {isa = PBXFileReference; lastKnownFileType = sourcecode.swift; path = SceneDelegate.swift; sourceTree = "<group>"; };
		291B962C242FFE280091BCC3 /* ViewController.swift */ = {isa = PBXFileReference; lastKnownFileType = sourcecode.swift; path = ViewController.swift; sourceTree = "<group>"; };
		291B962F242FFE280091BCC3 /* Base */ = {isa = PBXFileReference; lastKnownFileType = file.storyboard; name = Base; path = Base.lproj/Main.storyboard; sourceTree = "<group>"; };
		291B9631242FFE310091BCC3 /* Assets.xcassets */ = {isa = PBXFileReference; lastKnownFileType = folder.assetcatalog; path = Assets.xcassets; sourceTree = "<group>"; };
		291B9634242FFE310091BCC3 /* Base */ = {isa = PBXFileReference; lastKnownFileType = file.storyboard; name = Base; path = Base.lproj/LaunchScreen.storyboard; sourceTree = "<group>"; };
		291B9636242FFE310091BCC3 /* Info.plist */ = {isa = PBXFileReference; lastKnownFileType = text.plist.xml; path = Info.plist; sourceTree = "<group>"; };
		291B963C242FFF030091BCC3 /* LoginViewController.swift */ = {isa = PBXFileReference; lastKnownFileType = sourcecode.swift; path = LoginViewController.swift; sourceTree = "<group>"; };
		291B963F242FFF570091BCC3 /* StudentsMapViewController.swift */ = {isa = PBXFileReference; lastKnownFileType = sourcecode.swift; path = StudentsMapViewController.swift; sourceTree = "<group>"; };
		291B9641242FFF740091BCC3 /* StudentsListViewController.swift */ = {isa = PBXFileReference; lastKnownFileType = sourcecode.swift; path = StudentsListViewController.swift; sourceTree = "<group>"; };
		291B9643242FFF970091BCC3 /* AddPinViewController.swift */ = {isa = PBXFileReference; lastKnownFileType = sourcecode.swift; path = AddPinViewController.swift; sourceTree = "<group>"; };
/* End PBXFileReference section */

/* Begin PBXFrameworksBuildPhase section */
		291B9622242FFE280091BCC3 /* Frameworks */ = {
			isa = PBXFrameworksBuildPhase;
			buildActionMask = 2147483647;
			files = (
			);
			runOnlyForDeploymentPostprocessing = 0;
		};
/* End PBXFrameworksBuildPhase section */

/* Begin PBXGroup section */
		291B961C242FFE280091BCC3 = {
			isa = PBXGroup;
			children = (
				291B9627242FFE280091BCC3 /* OnTheMap */,
				291B9626242FFE280091BCC3 /* Products */,
			);
			sourceTree = "<group>";
		};
		291B9626242FFE280091BCC3 /* Products */ = {
			isa = PBXGroup;
			children = (
				291B9625242FFE280091BCC3 /* OnTheMap.app */,
			);
			name = Products;
			sourceTree = "<group>";
		};
		291B9627242FFE280091BCC3 /* OnTheMap */ = {
			isa = PBXGroup;
			children = (
				291B963E242FFF0E0091BCC3 /* ViewControllers */,
				291B9628242FFE280091BCC3 /* AppDelegate.swift */,
				291B962A242FFE280091BCC3 /* SceneDelegate.swift */,
				291B962C242FFE280091BCC3 /* ViewController.swift */,
				291B962E242FFE280091BCC3 /* Main.storyboard */,
				291B9631242FFE310091BCC3 /* Assets.xcassets */,
				291B9633242FFE310091BCC3 /* LaunchScreen.storyboard */,
				291B9636242FFE310091BCC3 /* Info.plist */,
			);
			path = OnTheMap;
			sourceTree = "<group>";
		};
		291B963E242FFF0E0091BCC3 /* ViewControllers */ = {
			isa = PBXGroup;
			children = (
				291B963C242FFF030091BCC3 /* LoginViewController.swift */,
				291B963F242FFF570091BCC3 /* StudentsMapViewController.swift */,
				291B9641242FFF740091BCC3 /* StudentsListViewController.swift */,
				291B9643242FFF970091BCC3 /* AddPinViewController.swift */,
			);
			path = ViewControllers;
			sourceTree = "<group>";
		};
/* End PBXGroup section */

/* Begin PBXNativeTarget section */
		291B9624242FFE280091BCC3 /* OnTheMap */ = {
			isa = PBXNativeTarget;
			buildConfigurationList = 291B9639242FFE310091BCC3 /* Build configuration list for PBXNativeTarget "OnTheMap" */;
			buildPhases = (
				291B9621242FFE280091BCC3 /* Sources */,
				291B9622242FFE280091BCC3 /* Frameworks */,
				291B9623242FFE280091BCC3 /* Resources */,
			);
			buildRules = (
			);
			dependencies = (
			);
			name = OnTheMap;
			productName = OnTheMap;
			productReference = 291B9625242FFE280091BCC3 /* OnTheMap.app */;
			productType = "com.apple.product-type.application";
		};
/* End PBXNativeTarget section */

/* Begin PBXProject section */
		291B961D242FFE280091BCC3 /* Project object */ = {
			isa = PBXProject;
			attributes = {
				LastSwiftUpdateCheck = 1130;
				LastUpgradeCheck = 1130;
				ORGANIZATIONNAME = Beardbird;
				TargetAttributes = {
					291B9624242FFE280091BCC3 = {
						CreatedOnToolsVersion = 11.3.1;
					};
				};
			};
			buildConfigurationList = 291B9620242FFE280091BCC3 /* Build configuration list for PBXProject "OnTheMap" */;
			compatibilityVersion = "Xcode 9.3";
			developmentRegion = en;
			hasScannedForEncodings = 0;
			knownRegions = (
				en,
				Base,
			);
			mainGroup = 291B961C242FFE280091BCC3;
			productRefGroup = 291B9626242FFE280091BCC3 /* Products */;
			projectDirPath = "";
			projectRoot = "";
			targets = (
				291B9624242FFE280091BCC3 /* OnTheMap */,
			);
		};
/* End PBXProject section */

/* Begin PBXResourcesBuildPhase section */
		291B9623242FFE280091BCC3 /* Resources */ = {
			isa = PBXResourcesBuildPhase;
			buildActionMask = 2147483647;
			files = (
				291B9635242FFE310091BCC3 /* LaunchScreen.storyboard in Resources */,
				291B9632242FFE310091BCC3 /* Assets.xcassets in Resources */,
				291B9630242FFE280091BCC3 /* Main.storyboard in Resources */,
			);
			runOnlyForDeploymentPostprocessing = 0;
		};
/* End PBXResourcesBuildPhase section */

/* Begin PBXSourcesBuildPhase section */
		291B9621242FFE280091BCC3 /* Sources */ = {
			isa = PBXSourcesBuildPhase;
			buildActionMask = 2147483647;
			files = (
				291B9642242FFF740091BCC3 /* StudentsListViewController.swift in Sources */,
				291B963D242FFF030091BCC3 /* LoginViewController.swift in Sources */,
				291B962D242FFE280091BCC3 /* ViewController.swift in Sources */,
				291B9640242FFF570091BCC3 /* StudentsMapViewController.swift in Sources */,
				291B9629242FFE280091BCC3 /* AppDelegate.swift in Sources */,
				291B962B242FFE280091BCC3 /* SceneDelegate.swift in Sources */,
				291B9644242FFF970091BCC3 /* AddPinViewController.swift in Sources */,
			);
			runOnlyForDeploymentPostprocessing = 0;
		};
/* End PBXSourcesBuildPhase section */

/* Begin PBXVariantGroup section */
		291B962E242FFE280091BCC3 /* Main.storyboard */ = {
			isa = PBXVariantGroup;
			children = (
				291B962F242FFE280091BCC3 /* Base */,
			);
			name = Main.storyboard;
			sourceTree = "<group>";
		};
		291B9633242FFE310091BCC3 /* LaunchScreen.storyboard */ = {
			isa = PBXVariantGroup;
			children = (
				291B9634242FFE310091BCC3 /* Base */,
			);
			name = LaunchScreen.storyboard;
			sourceTree = "<group>";
		};
/* End PBXVariantGroup section */

/* Begin XCBuildConfiguration section */
		291B9637242FFE310091BCC3 /* Debug */ = {
			isa = XCBuildConfiguration;
			buildSettings = {
				ALWAYS_SEARCH_USER_PATHS = NO;
				CLANG_ANALYZER_NONNULL = YES;
				CLANG_ANALYZER_NUMBER_OBJECT_CONVERSION = YES_AGGRESSIVE;
				CLANG_CXX_LANGUAGE_STANDARD = "gnu++14";
				CLANG_CXX_LIBRARY = "libc++";
				CLANG_ENABLE_MODULES = YES;
				CLANG_ENABLE_OBJC_ARC = YES;
				CLANG_ENABLE_OBJC_WEAK = YES;
				CLANG_WARN_BLOCK_CAPTURE_AUTORELEASING = YES;
				CLANG_WARN_BOOL_CONVERSION = YES;
				CLANG_WARN_COMMA = YES;
				CLANG_WARN_CONSTANT_CONVERSION = YES;
				CLANG_WARN_DEPRECATED_OBJC_IMPLEMENTATIONS = YES;
				CLANG_WARN_DIRECT_OBJC_ISA_USAGE = YES_ERROR;
				CLANG_WARN_DOCUMENTATION_COMMENTS = YES;
				CLANG_WARN_EMPTY_BODY = YES;
				CLANG_WARN_ENUM_CONVERSION = YES;
				CLANG_WARN_INFINITE_RECURSION = YES;
				CLANG_WARN_INT_CONVERSION = YES;
				CLANG_WARN_NON_LITERAL_NULL_CONVERSION = YES;
				CLANG_WARN_OBJC_IMPLICIT_RETAIN_SELF = YES;
				CLANG_WARN_OBJC_LITERAL_CONVERSION = YES;
				CLANG_WARN_OBJC_ROOT_CLASS = YES_ERROR;
				CLANG_WARN_RANGE_LOOP_ANALYSIS = YES;
				CLANG_WARN_STRICT_PROTOTYPES = YES;
				CLANG_WARN_SUSPICIOUS_MOVE = YES;
				CLANG_WARN_UNGUARDED_AVAILABILITY = YES_AGGRESSIVE;
				CLANG_WARN_UNREACHABLE_CODE = YES;
				CLANG_WARN__DUPLICATE_METHOD_MATCH = YES;
				COPY_PHASE_STRIP = NO;
				DEBUG_INFORMATION_FORMAT = dwarf;
				ENABLE_STRICT_OBJC_MSGSEND = YES;
				ENABLE_TESTABILITY = YES;
				GCC_C_LANGUAGE_STANDARD = gnu11;
				GCC_DYNAMIC_NO_PIC = NO;
				GCC_NO_COMMON_BLOCKS = YES;
				GCC_OPTIMIZATION_LEVEL = 0;
				GCC_PREPROCESSOR_DEFINITIONS = (
					"DEBUG=1",
					"$(inherited)",
				);
				GCC_WARN_64_TO_32_BIT_CONVERSION = YES;
				GCC_WARN_ABOUT_RETURN_TYPE = YES_ERROR;
				GCC_WARN_UNDECLARED_SELECTOR = YES;
				GCC_WARN_UNINITIALIZED_AUTOS = YES_AGGRESSIVE;
				GCC_WARN_UNUSED_FUNCTION = YES;
				GCC_WARN_UNUSED_VARIABLE = YES;
				IPHONEOS_DEPLOYMENT_TARGET = 13.2;
				MTL_ENABLE_DEBUG_INFO = INCLUDE_SOURCE;
				MTL_FAST_MATH = YES;
				ONLY_ACTIVE_ARCH = YES;
				SDKROOT = iphoneos;
				SWIFT_ACTIVE_COMPILATION_CONDITIONS = DEBUG;
				SWIFT_OPTIMIZATION_LEVEL = "-Onone";
			};
			name = Debug;
		};
		291B9638242FFE310091BCC3 /* Release */ = {
			isa = XCBuildConfiguration;
			buildSettings = {
				ALWAYS_SEARCH_USER_PATHS = NO;
				CLANG_ANALYZER_NONNULL = YES;
				CLANG_ANALYZER_NUMBER_OBJECT_CONVERSION = YES_AGGRESSIVE;
				CLANG_CXX_LANGUAGE_STANDARD = "gnu++14";
				CLANG_CXX_LIBRARY = "libc++";
				CLANG_ENABLE_MODULES = YES;
				CLANG_ENABLE_OBJC_ARC = YES;
				CLANG_ENABLE_OBJC_WEAK = YES;
				CLANG_WARN_BLOCK_CAPTURE_AUTORELEASING = YES;
				CLANG_WARN_BOOL_CONVERSION = YES;
				CLANG_WARN_COMMA = YES;
				CLANG_WARN_CONSTANT_CONVERSION = YES;
				CLANG_WARN_DEPRECATED_OBJC_IMPLEMENTATIONS = YES;
				CLANG_WARN_DIRECT_OBJC_ISA_USAGE = YES_ERROR;
				CLANG_WARN_DOCUMENTATION_COMMENTS = YES;
				CLANG_WARN_EMPTY_BODY = YES;
				CLANG_WARN_ENUM_CONVERSION = YES;
				CLANG_WARN_INFINITE_RECURSION = YES;
				CLANG_WARN_INT_CONVERSION = YES;
				CLANG_WARN_NON_LITERAL_NULL_CONVERSION = YES;
				CLANG_WARN_OBJC_IMPLICIT_RETAIN_SELF = YES;
				CLANG_WARN_OBJC_LITERAL_CONVERSION = YES;
				CLANG_WARN_OBJC_ROOT_CLASS = YES_ERROR;
				CLANG_WARN_RANGE_LOOP_ANALYSIS = YES;
				CLANG_WARN_STRICT_PROTOTYPES = YES;
				CLANG_WARN_SUSPICIOUS_MOVE = YES;
				CLANG_WARN_UNGUARDED_AVAILABILITY = YES_AGGRESSIVE;
				CLANG_WARN_UNREACHABLE_CODE = YES;
				CLANG_WARN__DUPLICATE_METHOD_MATCH = YES;
				COPY_PHASE_STRIP = NO;
				DEBUG_INFORMATION_FORMAT = "dwarf-with-dsym";
				ENABLE_NS_ASSERTIONS = NO;
				ENABLE_STRICT_OBJC_MSGSEND = YES;
				GCC_C_LANGUAGE_STANDARD = gnu11;
				GCC_NO_COMMON_BLOCKS = YES;
				GCC_WARN_64_TO_32_BIT_CONVERSION = YES;
				GCC_WARN_ABOUT_RETURN_TYPE = YES_ERROR;
				GCC_WARN_UNDECLARED_SELECTOR = YES;
				GCC_WARN_UNINITIALIZED_AUTOS = YES_AGGRESSIVE;
				GCC_WARN_UNUSED_FUNCTION = YES;
				GCC_WARN_UNUSED_VARIABLE = YES;
				IPHONEOS_DEPLOYMENT_TARGET = 13.2;
				MTL_ENABLE_DEBUG_INFO = NO;
				MTL_FAST_MATH = YES;
				SDKROOT = iphoneos;
				SWIFT_COMPILATION_MODE = wholemodule;
				SWIFT_OPTIMIZATION_LEVEL = "-O";
				VALIDATE_PRODUCT = YES;
			};
			name = Release;
		};
		291B963A242FFE310091BCC3 /* Debug */ = {
			isa = XCBuildConfiguration;
			buildSettings = {
				ASSETCATALOG_COMPILER_APPICON_NAME = AppIcon;
				CODE_SIGN_STYLE = Automatic;
				DEVELOPMENT_TEAM = WWJQ6NP6PU;
				INFOPLIST_FILE = OnTheMap/Info.plist;
				LD_RUNPATH_SEARCH_PATHS = (
					"$(inherited)",
					"@executable_path/Frameworks",
				);
				PRODUCT_BUNDLE_IDENTIFIER = beardbird.OnTheMap;
				PRODUCT_NAME = "$(TARGET_NAME)";
				SWIFT_VERSION = 5.0;
				TARGETED_DEVICE_FAMILY = "1,2";
			};
			name = Debug;
		};
		291B963B242FFE310091BCC3 /* Release */ = {
			isa = XCBuildConfiguration;
			buildSettings = {
				ASSETCATALOG_COMPILER_APPICON_NAME = AppIcon;
				CODE_SIGN_STYLE = Automatic;
				DEVELOPMENT_TEAM = WWJQ6NP6PU;
				INFOPLIST_FILE = OnTheMap/Info.plist;
				LD_RUNPATH_SEARCH_PATHS = (
					"$(inherited)",
					"@executable_path/Frameworks",
				);
				PRODUCT_BUNDLE_IDENTIFIER = beardbird.OnTheMap;
				PRODUCT_NAME = "$(TARGET_NAME)";
				SWIFT_VERSION = 5.0;
				TARGETED_DEVICE_FAMILY = "1,2";
			};
			name = Release;
		};
/* End XCBuildConfiguration section */

/* Begin XCConfigurationList section */
		291B9620242FFE280091BCC3 /* Build configuration list for PBXProject "OnTheMap" */ = {
			isa = XCConfigurationList;
			buildConfigurations = (
				291B9637242FFE310091BCC3 /* Debug */,
				291B9638242FFE310091BCC3 /* Release */,
			);
			defaultConfigurationIsVisible = 0;
			defaultConfigurationName = Release;
		};
		291B9639242FFE310091BCC3 /* Build configuration list for PBXNativeTarget "OnTheMap" */ = {
			isa = XCConfigurationList;
			buildConfigurations = (
				291B963A242FFE310091BCC3 /* Debug */,
				291B963B242FFE310091BCC3 /* Release */,
			);
			defaultConfigurationIsVisible = 0;
			defaultConfigurationName = Release;
		};
/* End XCConfigurationList section */
	};
	rootObject = 291B961D242FFE280091BCC3 /* Project object */;
}
